{
  "name": "i18next-typescript-parser",
  "version": "0.3.0",
  "lockfileVersion": 3,
  "requires": true,
  "packages": {
    "": {
      "name": "i18next-typescript-parser",
      "version": "0.3.0",
      "license": "MIT",
      "devDependencies": {
        "@types/node": "^24.4.0",
        "i18next": "^25.2.1",
        "typescript": "^5.8.3"
      },
      "peerDependencies": {
        "typescript": "^5.8.3"
      }
    },
    "node_modules/@babel/runtime": {
      "version": "7.28.4",
      "resolved": "https://registry.npmjs.org/@babel/runtime/-/runtime-7.28.4.tgz",
      "integrity": "sha512-Q/N6JNWvIvPnLDvjlE1OUBLPQHH6l3CltCEsHIujp45zQUSSh8K+gHnaEX45yAT1nyngnINhvWtzN+Nb9D8RAQ==",
      "dev": true,
      "license": "MIT",
      "engines": {
        "node": ">=6.9.0"
      }
    },
    "node_modules/@types/node": {
      "version": "24.4.0",
      "resolved": "https://registry.npmjs.org/@types/node/-/node-24.4.0.tgz",
      "integrity": "sha512-gUuVEAK4/u6F9wRLznPUU4WGUacSEBDPoC2TrBkw3GAnOLHBL45QdfHOXp1kJ4ypBGLxTOB+t7NJLpKoC3gznQ==",
      "dev": true,
      "license": "MIT",
      "dependencies": {
        "undici-types": "~7.11.0"
      }
    },
    "node_modules/i18next": {
      "version": "25.5.2",
      "resolved": "https://registry.npmjs.org/i18next/-/i18next-25.5.2.tgz",
      "integrity": "sha512-lW8Zeh37i/o0zVr+NoCHfNnfvVw+M6FQbRp36ZZ/NyHDJ3NJVpp2HhAUyU9WafL5AssymNoOjMRB48mmx2P6Hw==",
      "dev": true,
      "funding": [
        {
          "type": "individual",
          "url": "https://locize.com"
        },
        {
          "type": "individual",
          "url": "https://locize.com/i18next.html"
        },
        {
          "type": "individual",
          "url": "https://www.i18next.com/how-to/faq#i18next-is-awesome.-how-can-i-support-the-project"
        }
      ],
      "license": "MIT",
      "dependencies": {
        "@babel/runtime": "^7.27.6"
      },
      "peerDependencies": {
        "typescript": "^5"
      },
      "peerDependenciesMeta": {
        "typescript": {
          "optional": true
        }
      }
    },
    "node_modules/typescript": {
      "version": "5.9.2",
      "resolved": "https://registry.npmjs.org/typescript/-/typescript-5.9.2.tgz",
      "integrity": "sha512-CWBzXQrc/qOkhidw1OzBTQuYRbfyxDXJMVJ1XNwUHGROVmuaeiEm3OslpZ1RV96d7SKKjZKrSJu3+t/xlw3R9A==",
      "dev": true,
      "license": "Apache-2.0",
      "bin": {
        "tsc": "bin/tsc",
        "tsserver": "bin/tsserver"
      },
      "engines": {
        "node": ">=14.17"
      }
    },
    "node_modules/undici-types": {
      "version": "7.11.0",
      "resolved": "https://registry.npmjs.org/undici-types/-/undici-types-7.11.0.tgz",
      "integrity": "sha512-kt1ZriHTi7MU+Z/r9DOdAI3ONdaR3M3csEaRc6ewa4f4dTvX4cQCbJ4NkEn0ohE4hHtq85+PhPSTY+pO/1PwgA==",
      "dev": true,
      "license": "MIT"
    }
  }
}
